// !$*UTF8*$!
{
	archiveVersion = 1;
	classes = {
	};
	objectVersion = 46;
	objects = {

/* Begin PBXBuildFile section */
		50E1E1ED1E7DAFD91130F68A /* Pods_BamBoxUITests.framework in Frameworks */ = {isa = PBXBuildFile; fileRef = 73F6F7E13D8DA46F6050793B /* Pods_BamBoxUITests.framework */; };
		941968691E5A144400BF44D1 /* MainViewController.swift in Sources */ = {isa = PBXBuildFile; fileRef = 941968671E5A144400BF44D1 /* MainViewController.swift */; };
		9419686A1E5A144400BF44D1 /* MainViewController.xib in Resources */ = {isa = PBXBuildFile; fileRef = 941968681E5A144400BF44D1 /* MainViewController.xib */; };
		9424EBCA1E36CBC300F3167D /* LoginViewController.swift in Sources */ = {isa = PBXBuildFile; fileRef = 9424EBC81E36CBC300F3167D /* LoginViewController.swift */; };
		9424EBD21E36D46B00F3167D /* NearbyService.swift in Sources */ = {isa = PBXBuildFile; fileRef = 9424EBD11E36D46B00F3167D /* NearbyService.swift */; };
		9424EBD41E36E32300F3167D /* BamBoxViewController.swift in Sources */ = {isa = PBXBuildFile; fileRef = 9424EBD31E36E32300F3167D /* BamBoxViewController.swift */; };
		9424EBD71E36E38300F3167D /* ColorExtensions.swift in Sources */ = {isa = PBXBuildFile; fileRef = 9424EBD61E36E38300F3167D /* ColorExtensions.swift */; };
		9424EBDA1E36FFA800F3167D /* UIViewExtensions.swift in Sources */ = {isa = PBXBuildFile; fileRef = 9424EBD91E36FFA800F3167D /* UIViewExtensions.swift */; };
		94609ACE1E5BD4F00017C490 /* Typealias.swift in Sources */ = {isa = PBXBuildFile; fileRef = 94609ACD1E5BD4F00017C490 /* Typealias.swift */; };
		94609AD51E5BD9160017C490 /* CreateBamBoxViewController.swift in Sources */ = {isa = PBXBuildFile; fileRef = 94609AD31E5BD9160017C490 /* CreateBamBoxViewController.swift */; };
		94609AD61E5BD9160017C490 /* CreateBamBoxViewController.xib in Resources */ = {isa = PBXBuildFile; fileRef = 94609AD41E5BD9160017C490 /* CreateBamBoxViewController.xib */; };
		94609AD91E5BD9270017C490 /* ScanBamBoxViewController.swift in Sources */ = {isa = PBXBuildFile; fileRef = 94609AD71E5BD9270017C490 /* ScanBamBoxViewController.swift */; };
		94609ADA1E5BD9270017C490 /* ScanBamBoxViewController.xib in Resources */ = {isa = PBXBuildFile; fileRef = 94609AD81E5BD9270017C490 /* ScanBamBoxViewController.xib */; };
		94609ADF1E5BE3A50017C490 /* MusicSelectionViewController.swift in Sources */ = {isa = PBXBuildFile; fileRef = 94609ADD1E5BE3A50017C490 /* MusicSelectionViewController.swift */; };
		94609AE01E5BE3A50017C490 /* MusicSelectionViewController.xib in Resources */ = {isa = PBXBuildFile; fileRef = 94609ADE1E5BE3A50017C490 /* MusicSelectionViewController.xib */; };
		94609AE31E5BE3B20017C490 /* PlaylsitViewController.swift in Sources */ = {isa = PBXBuildFile; fileRef = 94609AE11E5BE3B20017C490 /* PlaylsitViewController.swift */; };
		94609AE41E5BE3B20017C490 /* PlaylsitViewController.xib in Resources */ = {isa = PBXBuildFile; fileRef = 94609AE21E5BE3B20017C490 /* PlaylsitViewController.xib */; };
		94609AE61E5BE7200017C490 /* SpotifyConnectButton.swift in Sources */ = {isa = PBXBuildFile; fileRef = 94609AE51E5BE7200017C490 /* SpotifyConnectButton.swift */; };
		946AB4CE1E4F947100FA7FB2 /* Color.swift in Sources */ = {isa = PBXBuildFile; fileRef = 946AB4CD1E4F947100FA7FB2 /* Color.swift */; };
		947EC2771E67D7A70098FB88 /* Assets.swift in Sources */ = {isa = PBXBuildFile; fileRef = 947EC2761E67D7A70098FB88 /* Assets.swift */; };
		947EC2791E67EF3C0098FB88 /* SPTExtensions.swift in Sources */ = {isa = PBXBuildFile; fileRef = 947EC2781E67EF3C0098FB88 /* SPTExtensions.swift */; };
		9482722E1E05AB4E00CCF515 /* AppDelegate.swift in Sources */ = {isa = PBXBuildFile; fileRef = 9482722D1E05AB4E00CCF515 /* AppDelegate.swift */; };
		948272351E05AB4E00CCF515 /* Assets.xcassets in Resources */ = {isa = PBXBuildFile; fileRef = 948272341E05AB4E00CCF515 /* Assets.xcassets */; };
		948272381E05AB4E00CCF515 /* LaunchScreen.storyboard in Resources */ = {isa = PBXBuildFile; fileRef = 948272361E05AB4E00CCF515 /* LaunchScreen.storyboard */; };
		948272431E05AB4E00CCF515 /* BamBoxTests.swift in Sources */ = {isa = PBXBuildFile; fileRef = 948272421E05AB4E00CCF515 /* BamBoxTests.swift */; };
		9482724E1E05AB4E00CCF515 /* BamBoxUITests.swift in Sources */ = {isa = PBXBuildFile; fileRef = 9482724D1E05AB4E00CCF515 /* BamBoxUITests.swift */; };
		9482729F1E05B2AE00CCF515 /* NavRouter.swift in Sources */ = {isa = PBXBuildFile; fileRef = 9482729D1E05B2AE00CCF515 /* NavRouter.swift */; };
		948272A41E05B6A300CCF515 /* SpotifyService.swift in Sources */ = {isa = PBXBuildFile; fileRef = 948272A31E05B6A300CCF515 /* SpotifyService.swift */; };
		949604E11E39ACDD002E9D55 /* StringExtensions.swift in Sources */ = {isa = PBXBuildFile; fileRef = 949604E01E39ACDD002E9D55 /* StringExtensions.swift */; };
		94A818F61E3996C8009349B9 /* AVFoundation.framework in Frameworks */ = {isa = PBXBuildFile; fileRef = 94A818F51E3996C8009349B9 /* AVFoundation.framework */; };
		94A818FB1E39980B009349B9 /* SpotifyAudioPlayback.framework in Frameworks */ = {isa = PBXBuildFile; fileRef = 94A818FA1E39980B009349B9 /* SpotifyAudioPlayback.framework */; };
		94A818FD1E399815009349B9 /* SpotifyAuthentication.framework in Frameworks */ = {isa = PBXBuildFile; fileRef = 94A818FC1E399815009349B9 /* SpotifyAuthentication.framework */; };
		94A818FF1E39981D009349B9 /* SpotifyMetadata.framework in Frameworks */ = {isa = PBXBuildFile; fileRef = 94A818FE1E39981D009349B9 /* SpotifyMetadata.framework */; };
		94A819031E399DD8009349B9 /* UIKit.framework in Frameworks */ = {isa = PBXBuildFile; fileRef = 94A819021E399DD8009349B9 /* UIKit.framework */; };
		94A819051E399E1A009349B9 /* LoginViewController.xib in Resources */ = {isa = PBXBuildFile; fileRef = 94A819041E399E1A009349B9 /* LoginViewController.xib */; };
		94F80EB51E49798C000565BB /* BamBoxOperation.swift in Sources */ = {isa = PBXBuildFile; fileRef = 94F80EB41E49798C000565BB /* BamBoxOperation.swift */; };
		BBE67C250AE7961C33E7911D /* Pods_BamBoxTests.framework in Frameworks */ = {isa = PBXBuildFile; fileRef = 93C199F6F2EADC1619ACB6D6 /* Pods_BamBoxTests.framework */; };
		EDF1263DD0443795892AB0BB /* Pods_BamBox.framework in Frameworks */ = {isa = PBXBuildFile; fileRef = 1675AAA192647FACEA4BAC1B /* Pods_BamBox.framework */; };
/* End PBXBuildFile section */

/* Begin PBXContainerItemProxy section */
		9482723F1E05AB4E00CCF515 /* PBXContainerItemProxy */ = {
			isa = PBXContainerItemProxy;
			containerPortal = 948272221E05AB4E00CCF515 /* Project object */;
			proxyType = 1;
			remoteGlobalIDString = 948272291E05AB4E00CCF515;
			remoteInfo = BamBox;
		};
		9482724A1E05AB4E00CCF515 /* PBXContainerItemProxy */ = {
			isa = PBXContainerItemProxy;
			containerPortal = 948272221E05AB4E00CCF515 /* Project object */;
			proxyType = 1;
			remoteGlobalIDString = 948272291E05AB4E00CCF515;
			remoteInfo = BamBox;
		};
/* End PBXContainerItemProxy section */

/* Begin PBXFileReference section */
		1675AAA192647FACEA4BAC1B /* Pods_BamBox.framework */ = {isa = PBXFileReference; explicitFileType = wrapper.framework; includeInIndex = 0; path = Pods_BamBox.framework; sourceTree = BUILT_PRODUCTS_DIR; };
		1D6710F6B3BC2AEC59FBF27D /* Pods-BamBox.release.xcconfig */ = {isa = PBXFileReference; includeInIndex = 1; lastKnownFileType = text.xcconfig; name = "Pods-BamBox.release.xcconfig"; path = "Pods/Target Support Files/Pods-BamBox/Pods-BamBox.release.xcconfig"; sourceTree = "<group>"; };
		73F6F7E13D8DA46F6050793B /* Pods_BamBoxUITests.framework */ = {isa = PBXFileReference; explicitFileType = wrapper.framework; includeInIndex = 0; path = Pods_BamBoxUITests.framework; sourceTree = BUILT_PRODUCTS_DIR; };
		794689971B5B786F6B8D05F9 /* Pods-BamBoxUITests.debug.xcconfig */ = {isa = PBXFileReference; includeInIndex = 1; lastKnownFileType = text.xcconfig; name = "Pods-BamBoxUITests.debug.xcconfig"; path = "Pods/Target Support Files/Pods-BamBoxUITests/Pods-BamBoxUITests.debug.xcconfig"; sourceTree = "<group>"; };
		7E0A6B5EB2CEC9A6EF6E5FCF /* Pods-BamBoxUITests.release.xcconfig */ = {isa = PBXFileReference; includeInIndex = 1; lastKnownFileType = text.xcconfig; name = "Pods-BamBoxUITests.release.xcconfig"; path = "Pods/Target Support Files/Pods-BamBoxUITests/Pods-BamBoxUITests.release.xcconfig"; sourceTree = "<group>"; };
		93C199F6F2EADC1619ACB6D6 /* Pods_BamBoxTests.framework */ = {isa = PBXFileReference; explicitFileType = wrapper.framework; includeInIndex = 0; path = Pods_BamBoxTests.framework; sourceTree = BUILT_PRODUCTS_DIR; };
		941968671E5A144400BF44D1 /* MainViewController.swift */ = {isa = PBXFileReference; fileEncoding = 4; lastKnownFileType = sourcecode.swift; path = MainViewController.swift; sourceTree = "<group>"; };
		941968681E5A144400BF44D1 /* MainViewController.xib */ = {isa = PBXFileReference; fileEncoding = 4; lastKnownFileType = file.xib; path = MainViewController.xib; sourceTree = "<group>"; };
		9424EBC81E36CBC300F3167D /* LoginViewController.swift */ = {isa = PBXFileReference; fileEncoding = 4; lastKnownFileType = sourcecode.swift; path = LoginViewController.swift; sourceTree = "<group>"; };
		9424EBCD1E36CE4900F3167D /* BamBox-Bridging-Header.h */ = {isa = PBXFileReference; lastKnownFileType = sourcecode.c.h; path = "BamBox-Bridging-Header.h"; sourceTree = "<group>"; };
		9424EBD11E36D46B00F3167D /* NearbyService.swift */ = {isa = PBXFileReference; fileEncoding = 4; lastKnownFileType = sourcecode.swift; path = NearbyService.swift; sourceTree = "<group>"; };
		9424EBD31E36E32300F3167D /* BamBoxViewController.swift */ = {isa = PBXFileReference; fileEncoding = 4; lastKnownFileType = sourcecode.swift; path = BamBoxViewController.swift; sourceTree = "<group>"; };
		9424EBD61E36E38300F3167D /* ColorExtensions.swift */ = {isa = PBXFileReference; fileEncoding = 4; lastKnownFileType = sourcecode.swift; path = ColorExtensions.swift; sourceTree = "<group>"; };
		9424EBD91E36FFA800F3167D /* UIViewExtensions.swift */ = {isa = PBXFileReference; fileEncoding = 4; lastKnownFileType = sourcecode.swift; path = UIViewExtensions.swift; sourceTree = "<group>"; };
		94609ACD1E5BD4F00017C490 /* Typealias.swift */ = {isa = PBXFileReference; fileEncoding = 4; lastKnownFileType = sourcecode.swift; path = Typealias.swift; sourceTree = "<group>"; };
		94609AD31E5BD9160017C490 /* CreateBamBoxViewController.swift */ = {isa = PBXFileReference; fileEncoding = 4; lastKnownFileType = sourcecode.swift; path = CreateBamBoxViewController.swift; sourceTree = "<group>"; };
		94609AD41E5BD9160017C490 /* CreateBamBoxViewController.xib */ = {isa = PBXFileReference; fileEncoding = 4; lastKnownFileType = file.xib; path = CreateBamBoxViewController.xib; sourceTree = "<group>"; };
		94609AD71E5BD9270017C490 /* ScanBamBoxViewController.swift */ = {isa = PBXFileReference; fileEncoding = 4; lastKnownFileType = sourcecode.swift; path = ScanBamBoxViewController.swift; sourceTree = "<group>"; };
		94609AD81E5BD9270017C490 /* ScanBamBoxViewController.xib */ = {isa = PBXFileReference; fileEncoding = 4; lastKnownFileType = file.xib; path = ScanBamBoxViewController.xib; sourceTree = "<group>"; };
		94609ADD1E5BE3A50017C490 /* MusicSelectionViewController.swift */ = {isa = PBXFileReference; fileEncoding = 4; lastKnownFileType = sourcecode.swift; path = MusicSelectionViewController.swift; sourceTree = "<group>"; };
		94609ADE1E5BE3A50017C490 /* MusicSelectionViewController.xib */ = {isa = PBXFileReference; fileEncoding = 4; lastKnownFileType = file.xib; path = MusicSelectionViewController.xib; sourceTree = "<group>"; };
		94609AE11E5BE3B20017C490 /* PlaylsitViewController.swift */ = {isa = PBXFileReference; fileEncoding = 4; lastKnownFileType = sourcecode.swift; path = PlaylsitViewController.swift; sourceTree = "<group>"; };
		94609AE21E5BE3B20017C490 /* PlaylsitViewController.xib */ = {isa = PBXFileReference; fileEncoding = 4; lastKnownFileType = file.xib; path = PlaylsitViewController.xib; sourceTree = "<group>"; };
		94609AE51E5BE7200017C490 /* SpotifyConnectButton.swift */ = {isa = PBXFileReference; fileEncoding = 4; lastKnownFileType = sourcecode.swift; path = SpotifyConnectButton.swift; sourceTree = "<group>"; };
		946AB4CD1E4F947100FA7FB2 /* Color.swift */ = {isa = PBXFileReference; fileEncoding = 4; lastKnownFileType = sourcecode.swift; path = Color.swift; sourceTree = "<group>"; };
		947EC2761E67D7A70098FB88 /* Assets.swift */ = {isa = PBXFileReference; fileEncoding = 4; lastKnownFileType = sourcecode.swift; path = Assets.swift; sourceTree = "<group>"; };
		947EC2781E67EF3C0098FB88 /* SPTExtensions.swift */ = {isa = PBXFileReference; fileEncoding = 4; lastKnownFileType = sourcecode.swift; path = SPTExtensions.swift; sourceTree = "<group>"; };
		9482722A1E05AB4E00CCF515 /* BamBox.app */ = {isa = PBXFileReference; explicitFileType = wrapper.application; includeInIndex = 0; path = BamBox.app; sourceTree = BUILT_PRODUCTS_DIR; };
		9482722D1E05AB4E00CCF515 /* AppDelegate.swift */ = {isa = PBXFileReference; lastKnownFileType = sourcecode.swift; path = AppDelegate.swift; sourceTree = "<group>"; };
		948272341E05AB4E00CCF515 /* Assets.xcassets */ = {isa = PBXFileReference; lastKnownFileType = folder.assetcatalog; path = Assets.xcassets; sourceTree = "<group>"; };
		948272371E05AB4E00CCF515 /* Base */ = {isa = PBXFileReference; lastKnownFileType = file.storyboard; name = Base; path = Base.lproj/LaunchScreen.storyboard; sourceTree = "<group>"; };
		948272391E05AB4E00CCF515 /* Info.plist */ = {isa = PBXFileReference; lastKnownFileType = text.plist.xml; path = Info.plist; sourceTree = "<group>"; };
		9482723E1E05AB4E00CCF515 /* BamBoxTests.xctest */ = {isa = PBXFileReference; explicitFileType = wrapper.cfbundle; includeInIndex = 0; path = BamBoxTests.xctest; sourceTree = BUILT_PRODUCTS_DIR; };
		948272421E05AB4E00CCF515 /* BamBoxTests.swift */ = {isa = PBXFileReference; lastKnownFileType = sourcecode.swift; path = BamBoxTests.swift; sourceTree = "<group>"; };
		948272441E05AB4E00CCF515 /* Info.plist */ = {isa = PBXFileReference; lastKnownFileType = text.plist.xml; path = Info.plist; sourceTree = "<group>"; };
		948272491E05AB4E00CCF515 /* BamBoxUITests.xctest */ = {isa = PBXFileReference; explicitFileType = wrapper.cfbundle; includeInIndex = 0; path = BamBoxUITests.xctest; sourceTree = BUILT_PRODUCTS_DIR; };
		9482724D1E05AB4E00CCF515 /* BamBoxUITests.swift */ = {isa = PBXFileReference; lastKnownFileType = sourcecode.swift; path = BamBoxUITests.swift; sourceTree = "<group>"; };
		9482724F1E05AB4E00CCF515 /* Info.plist */ = {isa = PBXFileReference; lastKnownFileType = text.plist.xml; path = Info.plist; sourceTree = "<group>"; };
		9482729D1E05B2AE00CCF515 /* NavRouter.swift */ = {isa = PBXFileReference; fileEncoding = 4; lastKnownFileType = sourcecode.swift; path = NavRouter.swift; sourceTree = "<group>"; };
		948272A31E05B6A300CCF515 /* SpotifyService.swift */ = {isa = PBXFileReference; fileEncoding = 4; lastKnownFileType = sourcecode.swift; path = SpotifyService.swift; sourceTree = "<group>"; };
		949604E01E39ACDD002E9D55 /* StringExtensions.swift */ = {isa = PBXFileReference; fileEncoding = 4; lastKnownFileType = sourcecode.swift; path = StringExtensions.swift; sourceTree = "<group>"; };
		94A818F51E3996C8009349B9 /* AVFoundation.framework */ = {isa = PBXFileReference; lastKnownFileType = wrapper.framework; name = AVFoundation.framework; path = System/Library/Frameworks/AVFoundation.framework; sourceTree = SDKROOT; };
		94A818FA1E39980B009349B9 /* SpotifyAudioPlayback.framework */ = {isa = PBXFileReference; lastKnownFileType = wrapper.framework; path = SpotifyAudioPlayback.framework; sourceTree = "<group>"; };
		94A818FC1E399815009349B9 /* SpotifyAuthentication.framework */ = {isa = PBXFileReference; lastKnownFileType = wrapper.framework; path = SpotifyAuthentication.framework; sourceTree = "<group>"; };
		94A818FE1E39981D009349B9 /* SpotifyMetadata.framework */ = {isa = PBXFileReference; lastKnownFileType = wrapper.framework; path = SpotifyMetadata.framework; sourceTree = "<group>"; };
		94A819021E399DD8009349B9 /* UIKit.framework */ = {isa = PBXFileReference; lastKnownFileType = wrapper.framework; name = UIKit.framework; path = System/Library/Frameworks/UIKit.framework; sourceTree = SDKROOT; };
		94A819041E399E1A009349B9 /* LoginViewController.xib */ = {isa = PBXFileReference; fileEncoding = 4; lastKnownFileType = file.xib; path = LoginViewController.xib; sourceTree = "<group>"; };
		94F80EB41E49798C000565BB /* BamBoxOperation.swift */ = {isa = PBXFileReference; fileEncoding = 4; lastKnownFileType = sourcecode.swift; path = BamBoxOperation.swift; sourceTree = "<group>"; };
		99822C655BC6139F68387DF8 /* Pods-BamBoxTests.release.xcconfig */ = {isa = PBXFileReference; includeInIndex = 1; lastKnownFileType = text.xcconfig; name = "Pods-BamBoxTests.release.xcconfig"; path = "Pods/Target Support Files/Pods-BamBoxTests/Pods-BamBoxTests.release.xcconfig"; sourceTree = "<group>"; };
		9A354FA2EEE70B34B0EC8E30 /* Pods-BamBox.debug.xcconfig */ = {isa = PBXFileReference; includeInIndex = 1; lastKnownFileType = text.xcconfig; name = "Pods-BamBox.debug.xcconfig"; path = "Pods/Target Support Files/Pods-BamBox/Pods-BamBox.debug.xcconfig"; sourceTree = "<group>"; };
		E83574B8DF9EB0B41DEA90BB /* Pods-BamBoxTests.debug.xcconfig */ = {isa = PBXFileReference; includeInIndex = 1; lastKnownFileType = text.xcconfig; name = "Pods-BamBoxTests.debug.xcconfig"; path = "Pods/Target Support Files/Pods-BamBoxTests/Pods-BamBoxTests.debug.xcconfig"; sourceTree = "<group>"; };
/* End PBXFileReference section */

/* Begin PBXFrameworksBuildPhase section */
		948272271E05AB4E00CCF515 /* Frameworks */ = {
			isa = PBXFrameworksBuildPhase;
			buildActionMask = 2147483647;
			files = (
				94A819031E399DD8009349B9 /* UIKit.framework in Frameworks */,
				94A818FF1E39981D009349B9 /* SpotifyMetadata.framework in Frameworks */,
				94A818F61E3996C8009349B9 /* AVFoundation.framework in Frameworks */,
				94A818FD1E399815009349B9 /* SpotifyAuthentication.framework in Frameworks */,
				EDF1263DD0443795892AB0BB /* Pods_BamBox.framework in Frameworks */,
				94A818FB1E39980B009349B9 /* SpotifyAudioPlayback.framework in Frameworks */,
			);
			runOnlyForDeploymentPostprocessing = 0;
		};
		9482723B1E05AB4E00CCF515 /* Frameworks */ = {
			isa = PBXFrameworksBuildPhase;
			buildActionMask = 2147483647;
			files = (
				BBE67C250AE7961C33E7911D /* Pods_BamBoxTests.framework in Frameworks */,
			);
			runOnlyForDeploymentPostprocessing = 0;
		};
		948272461E05AB4E00CCF515 /* Frameworks */ = {
			isa = PBXFrameworksBuildPhase;
			buildActionMask = 2147483647;
			files = (
				50E1E1ED1E7DAFD91130F68A /* Pods_BamBoxUITests.framework in Frameworks */,
			);
			runOnlyForDeploymentPostprocessing = 0;
		};
/* End PBXFrameworksBuildPhase section */

/* Begin PBXGroup section */
		941968661E5A13AC00BF44D1 /* Main */ = {
			isa = PBXGroup;
			children = (
				941968671E5A144400BF44D1 /* MainViewController.swift */,
				941968681E5A144400BF44D1 /* MainViewController.xib */,
			);
			name = Main;
			sourceTree = "<group>";
		};
		9424EBCC1E36CBDF00F3167D /* Login */ = {
			isa = PBXGroup;
			children = (
				9424EBC81E36CBC300F3167D /* LoginViewController.swift */,
				94A819041E399E1A009349B9 /* LoginViewController.xib */,
			);
			name = Login;
			sourceTree = "<group>";
		};
		9424EBD51E36E35500F3167D /* Extensions */ = {
			isa = PBXGroup;
			children = (
				9424EBD61E36E38300F3167D /* ColorExtensions.swift */,
				9424EBD91E36FFA800F3167D /* UIViewExtensions.swift */,
				949604E01E39ACDD002E9D55 /* StringExtensions.swift */,
				947EC2781E67EF3C0098FB88 /* SPTExtensions.swift */,
			);
			name = Extensions;
			sourceTree = "<group>";
		};
		9424EBDB1E37086A00F3167D /* Fonts */ = {
			isa = PBXGroup;
			children = (
			);
			name = Fonts;
			sourceTree = "<group>";
		};
		94609ACF1E5BD87D0017C490 /* CreateBambox */ = {
			isa = PBXGroup;
			children = (
				94609AD31E5BD9160017C490 /* CreateBamBoxViewController.swift */,
				94609AD41E5BD9160017C490 /* CreateBamBoxViewController.xib */,
			);
			name = CreateBambox;
			sourceTree = "<group>";
		};
		94609AD01E5BD8900017C490 /* ScanBambox */ = {
			isa = PBXGroup;
			children = (
				94609AD71E5BD9270017C490 /* ScanBamBoxViewController.swift */,
				94609AD81E5BD9270017C490 /* ScanBamBoxViewController.xib */,
			);
			name = ScanBambox;
			sourceTree = "<group>";
		};
		94609ADB1E5BE3510017C490 /* Playlist */ = {
			isa = PBXGroup;
			children = (
				94609AE11E5BE3B20017C490 /* PlaylsitViewController.swift */,
				94609AE21E5BE3B20017C490 /* PlaylsitViewController.xib */,
			);
			name = Playlist;
			sourceTree = "<group>";
		};
		94609ADC1E5BE3740017C490 /* MusicSelection */ = {
			isa = PBXGroup;
			children = (
				94609ADD1E5BE3A50017C490 /* MusicSelectionViewController.swift */,
				94609ADE1E5BE3A50017C490 /* MusicSelectionViewController.xib */,
			);
			name = MusicSelection;
			sourceTree = "<group>";
		};
		946AB4CC1E4F945D00FA7FB2 /* Utility */ = {
			isa = PBXGroup;
			children = (
				946AB4CD1E4F947100FA7FB2 /* Color.swift */,
				94609ACD1E5BD4F00017C490 /* Typealias.swift */,
				947EC2761E67D7A70098FB88 /* Assets.swift */,
			);
			name = Utility;
			sourceTree = "<group>";
		};
		946AB4CF1E4F978500FA7FB2 /* UIViews */ = {
			isa = PBXGroup;
			children = (
				94609AE51E5BE7200017C490 /* SpotifyConnectButton.swift */,
			);
			name = UIViews;
			sourceTree = "<group>";
		};
		948272211E05AB4E00CCF515 = {
			isa = PBXGroup;
			children = (
				9482722C1E05AB4E00CCF515 /* BamBox */,
				948272411E05AB4E00CCF515 /* BamBoxTests */,
				9482724C1E05AB4E00CCF515 /* BamBoxUITests */,
				9482722B1E05AB4E00CCF515 /* Products */,
				E97270AC6CA67DC8ED084999 /* Pods */,
				DE992DBDD7B802775BCF7D1D /* Frameworks */,
			);
			sourceTree = "<group>";
		};
		9482722B1E05AB4E00CCF515 /* Products */ = {
			isa = PBXGroup;
			children = (
				9482722A1E05AB4E00CCF515 /* BamBox.app */,
				9482723E1E05AB4E00CCF515 /* BamBoxTests.xctest */,
				948272491E05AB4E00CCF515 /* BamBoxUITests.xctest */,
			);
			name = Products;
			sourceTree = "<group>";
		};
		9482722C1E05AB4E00CCF515 /* BamBox */ = {
			isa = PBXGroup;
			children = (
				9482722D1E05AB4E00CCF515 /* AppDelegate.swift */,
				94F80EB41E49798C000565BB /* BamBoxOperation.swift */,
				946AB4CC1E4F945D00FA7FB2 /* Utility */,
				9424EBD51E36E35500F3167D /* Extensions */,
				948272A21E05B68700CCF515 /* Services */,
				946AB4CF1E4F978500FA7FB2 /* UIViews */,
				948272A11E05B4AB00CCF515 /* View Controllers */,
				9482729C1E05B21F00CCF515 /* Support Files */,
			);
			path = BamBox;
			sourceTree = "<group>";
		};
		948272411E05AB4E00CCF515 /* BamBoxTests */ = {
			isa = PBXGroup;
			children = (
				948272421E05AB4E00CCF515 /* BamBoxTests.swift */,
				948272441E05AB4E00CCF515 /* Info.plist */,
			);
			path = BamBoxTests;
			sourceTree = "<group>";
		};
		9482724C1E05AB4E00CCF515 /* BamBoxUITests */ = {
			isa = PBXGroup;
			children = (
				9482724D1E05AB4E00CCF515 /* BamBoxUITests.swift */,
				9482724F1E05AB4E00CCF515 /* Info.plist */,
			);
			path = BamBoxUITests;
			sourceTree = "<group>";
		};
		9482729C1E05B21F00CCF515 /* Support Files */ = {
			isa = PBXGroup;
			children = (
				9424EBDB1E37086A00F3167D /* Fonts */,
				948272341E05AB4E00CCF515 /* Assets.xcassets */,
				948272361E05AB4E00CCF515 /* LaunchScreen.storyboard */,
				948272391E05AB4E00CCF515 /* Info.plist */,
				9424EBCD1E36CE4900F3167D /* BamBox-Bridging-Header.h */,
			);
			name = "Support Files";
			sourceTree = "<group>";
		};
		948272A11E05B4AB00CCF515 /* View Controllers */ = {
			isa = PBXGroup;
			children = (
				9424EBD31E36E32300F3167D /* BamBoxViewController.swift */,
				9482729D1E05B2AE00CCF515 /* NavRouter.swift */,
				9424EBCC1E36CBDF00F3167D /* Login */,
				941968661E5A13AC00BF44D1 /* Main */,
				94609ACF1E5BD87D0017C490 /* CreateBambox */,
				94609AD01E5BD8900017C490 /* ScanBambox */,
				94609ADC1E5BE3740017C490 /* MusicSelection */,
				94609ADB1E5BE3510017C490 /* Playlist */,
			);
			name = "View Controllers";
			sourceTree = "<group>";
		};
		948272A21E05B68700CCF515 /* Services */ = {
			isa = PBXGroup;
			children = (
				948272A31E05B6A300CCF515 /* SpotifyService.swift */,
				9424EBD11E36D46B00F3167D /* NearbyService.swift */,
			);
			name = Services;
			sourceTree = "<group>";
		};
		DE992DBDD7B802775BCF7D1D /* Frameworks */ = {
			isa = PBXGroup;
			children = (
				94A819021E399DD8009349B9 /* UIKit.framework */,
				94A818FE1E39981D009349B9 /* SpotifyMetadata.framework */,
				94A818FC1E399815009349B9 /* SpotifyAuthentication.framework */,
				94A818FA1E39980B009349B9 /* SpotifyAudioPlayback.framework */,
				94A818F51E3996C8009349B9 /* AVFoundation.framework */,
				1675AAA192647FACEA4BAC1B /* Pods_BamBox.framework */,
				93C199F6F2EADC1619ACB6D6 /* Pods_BamBoxTests.framework */,
				73F6F7E13D8DA46F6050793B /* Pods_BamBoxUITests.framework */,
			);
			name = Frameworks;
			sourceTree = "<group>";
		};
		E97270AC6CA67DC8ED084999 /* Pods */ = {
			isa = PBXGroup;
			children = (
				9A354FA2EEE70B34B0EC8E30 /* Pods-BamBox.debug.xcconfig */,
				1D6710F6B3BC2AEC59FBF27D /* Pods-BamBox.release.xcconfig */,
				E83574B8DF9EB0B41DEA90BB /* Pods-BamBoxTests.debug.xcconfig */,
				99822C655BC6139F68387DF8 /* Pods-BamBoxTests.release.xcconfig */,
				794689971B5B786F6B8D05F9 /* Pods-BamBoxUITests.debug.xcconfig */,
				7E0A6B5EB2CEC9A6EF6E5FCF /* Pods-BamBoxUITests.release.xcconfig */,
			);
			name = Pods;
			sourceTree = "<group>";
		};
/* End PBXGroup section */

/* Begin PBXNativeTarget section */
		948272291E05AB4E00CCF515 /* BamBox */ = {
			isa = PBXNativeTarget;
			buildConfigurationList = 948272521E05AB4E00CCF515 /* Build configuration list for PBXNativeTarget "BamBox" */;
			buildPhases = (
				A48044937027B8AB3C0BC96F /* [CP] Check Pods Manifest.lock */,
				948272261E05AB4E00CCF515 /* Sources */,
				948272271E05AB4E00CCF515 /* Frameworks */,
				948272281E05AB4E00CCF515 /* Resources */,
				15E111D8785AFA70B2F0833A /* [CP] Embed Pods Frameworks */,
				AF36D0755075D203019DA496 /* [CP] Copy Pods Resources */,
			);
			buildRules = (
			);
			dependencies = (
			);
			name = BamBox;
			productName = BamBox;
			productReference = 9482722A1E05AB4E00CCF515 /* BamBox.app */;
			productType = "com.apple.product-type.application";
		};
		9482723D1E05AB4E00CCF515 /* BamBoxTests */ = {
			isa = PBXNativeTarget;
			buildConfigurationList = 948272551E05AB4E00CCF515 /* Build configuration list for PBXNativeTarget "BamBoxTests" */;
			buildPhases = (
				93C7DFF2D4A1E696DB240BC2 /* [CP] Check Pods Manifest.lock */,
				9482723A1E05AB4E00CCF515 /* Sources */,
				9482723B1E05AB4E00CCF515 /* Frameworks */,
				9482723C1E05AB4E00CCF515 /* Resources */,
				C8FDD87701126B0FD9814D71 /* [CP] Embed Pods Frameworks */,
				3605AFAE796ED340D4589E46 /* [CP] Copy Pods Resources */,
			);
			buildRules = (
			);
			dependencies = (
				948272401E05AB4E00CCF515 /* PBXTargetDependency */,
			);
			name = BamBoxTests;
			productName = BamBoxTests;
			productReference = 9482723E1E05AB4E00CCF515 /* BamBoxTests.xctest */;
			productType = "com.apple.product-type.bundle.unit-test";
		};
		948272481E05AB4E00CCF515 /* BamBoxUITests */ = {
			isa = PBXNativeTarget;
			buildConfigurationList = 948272581E05AB4E00CCF515 /* Build configuration list for PBXNativeTarget "BamBoxUITests" */;
			buildPhases = (
				91DF4A24D9F8572025D3C9D0 /* [CP] Check Pods Manifest.lock */,
				948272451E05AB4E00CCF515 /* Sources */,
				948272461E05AB4E00CCF515 /* Frameworks */,
				948272471E05AB4E00CCF515 /* Resources */,
				5CF629BB89C32787EC732F41 /* [CP] Embed Pods Frameworks */,
				7D4FE16A1C275E8DBDED1D35 /* [CP] Copy Pods Resources */,
			);
			buildRules = (
			);
			dependencies = (
				9482724B1E05AB4E00CCF515 /* PBXTargetDependency */,
			);
			name = BamBoxUITests;
			productName = BamBoxUITests;
			productReference = 948272491E05AB4E00CCF515 /* BamBoxUITests.xctest */;
			productType = "com.apple.product-type.bundle.ui-testing";
		};
/* End PBXNativeTarget section */

/* Begin PBXProject section */
		948272221E05AB4E00CCF515 /* Project object */ = {
			isa = PBXProject;
			attributes = {
				LastSwiftUpdateCheck = 0820;
				LastUpgradeCheck = 0820;
				ORGANIZATIONNAME = BamBox;
				TargetAttributes = {
					948272291E05AB4E00CCF515 = {
						CreatedOnToolsVersion = 8.2;
						DevelopmentTeam = LZX69D2T2M;
						ProvisioningStyle = Automatic;
					};
					9482723D1E05AB4E00CCF515 = {
						CreatedOnToolsVersion = 8.2;
						DevelopmentTeam = LZX69D2T2M;
						ProvisioningStyle = Automatic;
						TestTargetID = 948272291E05AB4E00CCF515;
					};
					948272481E05AB4E00CCF515 = {
						CreatedOnToolsVersion = 8.2;
						DevelopmentTeam = LZX69D2T2M;
						ProvisioningStyle = Automatic;
						TestTargetID = 948272291E05AB4E00CCF515;
					};
				};
			};
			buildConfigurationList = 948272251E05AB4E00CCF515 /* Build configuration list for PBXProject "BamBox" */;
			compatibilityVersion = "Xcode 3.2";
			developmentRegion = English;
			hasScannedForEncodings = 0;
			knownRegions = (
				en,
				Base,
			);
			mainGroup = 948272211E05AB4E00CCF515;
			productRefGroup = 9482722B1E05AB4E00CCF515 /* Products */;
			projectDirPath = "";
			projectRoot = "";
			targets = (
				948272291E05AB4E00CCF515 /* BamBox */,
				9482723D1E05AB4E00CCF515 /* BamBoxTests */,
				948272481E05AB4E00CCF515 /* BamBoxUITests */,
			);
		};
/* End PBXProject section */

/* Begin PBXResourcesBuildPhase section */
		948272281E05AB4E00CCF515 /* Resources */ = {
			isa = PBXResourcesBuildPhase;
			buildActionMask = 2147483647;
			files = (
				94609ADA1E5BD9270017C490 /* ScanBamBoxViewController.xib in Resources */,
				948272381E05AB4E00CCF515 /* LaunchScreen.storyboard in Resources */,
				948272351E05AB4E00CCF515 /* Assets.xcassets in Resources */,
				94609AE01E5BE3A50017C490 /* MusicSelectionViewController.xib in Resources */,
				94609AE41E5BE3B20017C490 /* PlaylsitViewController.xib in Resources */,
				94A819051E399E1A009349B9 /* LoginViewController.xib in Resources */,
				9419686A1E5A144400BF44D1 /* MainViewController.xib in Resources */,
				94609AD61E5BD9160017C490 /* CreateBamBoxViewController.xib in Resources */,
			);
			runOnlyForDeploymentPostprocessing = 0;
		};
		9482723C1E05AB4E00CCF515 /* Resources */ = {
			isa = PBXResourcesBuildPhase;
			buildActionMask = 2147483647;
			files = (
			);
			runOnlyForDeploymentPostprocessing = 0;
		};
		948272471E05AB4E00CCF515 /* Resources */ = {
			isa = PBXResourcesBuildPhase;
			buildActionMask = 2147483647;
			files = (
			);
			runOnlyForDeploymentPostprocessing = 0;
		};
/* End PBXResourcesBuildPhase section */

/* Begin PBXShellScriptBuildPhase section */
		15E111D8785AFA70B2F0833A /* [CP] Embed Pods Frameworks */ = {
			isa = PBXShellScriptBuildPhase;
			buildActionMask = 2147483647;
			files = (
			);
			inputPaths = (
			);
			name = "[CP] Embed Pods Frameworks";
			outputPaths = (
			);
			runOnlyForDeploymentPostprocessing = 0;
			shellPath = /bin/sh;
			shellScript = "\"${SRCROOT}/Pods/Target Support Files/Pods-BamBox/Pods-BamBox-frameworks.sh\"\n";
			showEnvVarsInLog = 0;
		};
		3605AFAE796ED340D4589E46 /* [CP] Copy Pods Resources */ = {
			isa = PBXShellScriptBuildPhase;
			buildActionMask = 2147483647;
			files = (
			);
			inputPaths = (
			);
			name = "[CP] Copy Pods Resources";
			outputPaths = (
			);
			runOnlyForDeploymentPostprocessing = 0;
			shellPath = /bin/sh;
			shellScript = "\"${SRCROOT}/Pods/Target Support Files/Pods-BamBoxTests/Pods-BamBoxTests-resources.sh\"\n";
			showEnvVarsInLog = 0;
		};
		5CF629BB89C32787EC732F41 /* [CP] Embed Pods Frameworks */ = {
			isa = PBXShellScriptBuildPhase;
			buildActionMask = 2147483647;
			files = (
			);
			inputPaths = (
			);
			name = "[CP] Embed Pods Frameworks";
			outputPaths = (
			);
			runOnlyForDeploymentPostprocessing = 0;
			shellPath = /bin/sh;
			shellScript = "\"${SRCROOT}/Pods/Target Support Files/Pods-BamBoxUITests/Pods-BamBoxUITests-frameworks.sh\"\n";
			showEnvVarsInLog = 0;
		};
		7D4FE16A1C275E8DBDED1D35 /* [CP] Copy Pods Resources */ = {
			isa = PBXShellScriptBuildPhase;
			buildActionMask = 2147483647;
			files = (
			);
			inputPaths = (
			);
			name = "[CP] Copy Pods Resources";
			outputPaths = (
			);
			runOnlyForDeploymentPostprocessing = 0;
			shellPath = /bin/sh;
			shellScript = "\"${SRCROOT}/Pods/Target Support Files/Pods-BamBoxUITests/Pods-BamBoxUITests-resources.sh\"\n";
			showEnvVarsInLog = 0;
		};
		91DF4A24D9F8572025D3C9D0 /* [CP] Check Pods Manifest.lock */ = {
			isa = PBXShellScriptBuildPhase;
			buildActionMask = 2147483647;
			files = (
			);
			inputPaths = (
			);
			name = "[CP] Check Pods Manifest.lock";
			outputPaths = (
			);
			runOnlyForDeploymentPostprocessing = 0;
			shellPath = /bin/sh;
			shellScript = "diff \"${PODS_ROOT}/../Podfile.lock\" \"${PODS_ROOT}/Manifest.lock\" > /dev/null\nif [ $? != 0 ] ; then\n    # print error to STDERR\n    echo \"error: The sandbox is not in sync with the Podfile.lock. Run 'pod install' or update your CocoaPods installation.\" >&2\n    exit 1\nfi\n";
			showEnvVarsInLog = 0;
		};
		93C7DFF2D4A1E696DB240BC2 /* [CP] Check Pods Manifest.lock */ = {
			isa = PBXShellScriptBuildPhase;
			buildActionMask = 2147483647;
			files = (
			);
			inputPaths = (
			);
			name = "[CP] Check Pods Manifest.lock";
			outputPaths = (
			);
			runOnlyForDeploymentPostprocessing = 0;
			shellPath = /bin/sh;
			shellScript = "diff \"${PODS_ROOT}/../Podfile.lock\" \"${PODS_ROOT}/Manifest.lock\" > /dev/null\nif [ $? != 0 ] ; then\n    # print error to STDERR\n    echo \"error: The sandbox is not in sync with the Podfile.lock. Run 'pod install' or update your CocoaPods installation.\" >&2\n    exit 1\nfi\n";
			showEnvVarsInLog = 0;
		};
		A48044937027B8AB3C0BC96F /* [CP] Check Pods Manifest.lock */ = {
			isa = PBXShellScriptBuildPhase;
			buildActionMask = 2147483647;
			files = (
			);
			inputPaths = (
			);
			name = "[CP] Check Pods Manifest.lock";
			outputPaths = (
			);
			runOnlyForDeploymentPostprocessing = 0;
			shellPath = /bin/sh;
			shellScript = "diff \"${PODS_ROOT}/../Podfile.lock\" \"${PODS_ROOT}/Manifest.lock\" > /dev/null\nif [ $? != 0 ] ; then\n    # print error to STDERR\n    echo \"error: The sandbox is not in sync with the Podfile.lock. Run 'pod install' or update your CocoaPods installation.\" >&2\n    exit 1\nfi\n";
			showEnvVarsInLog = 0;
		};
		AF36D0755075D203019DA496 /* [CP] Copy Pods Resources */ = {
			isa = PBXShellScriptBuildPhase;
			buildActionMask = 2147483647;
			files = (
			);
			inputPaths = (
			);
			name = "[CP] Copy Pods Resources";
			outputPaths = (
			);
			runOnlyForDeploymentPostprocessing = 0;
			shellPath = /bin/sh;
			shellScript = "\"${SRCROOT}/Pods/Target Support Files/Pods-BamBox/Pods-BamBox-resources.sh\"\n";
			showEnvVarsInLog = 0;
		};
		C8FDD87701126B0FD9814D71 /* [CP] Embed Pods Frameworks */ = {
			isa = PBXShellScriptBuildPhase;
			buildActionMask = 2147483647;
			files = (
			);
			inputPaths = (
			);
			name = "[CP] Embed Pods Frameworks";
			outputPaths = (
			);
			runOnlyForDeploymentPostprocessing = 0;
			shellPath = /bin/sh;
			shellScript = "\"${SRCROOT}/Pods/Target Support Files/Pods-BamBoxTests/Pods-BamBoxTests-frameworks.sh\"\n";
			showEnvVarsInLog = 0;
		};
/* End PBXShellScriptBuildPhase section */

/* Begin PBXSourcesBuildPhase section */
		948272261E05AB4E00CCF515 /* Sources */ = {
			isa = PBXSourcesBuildPhase;
			buildActionMask = 2147483647;
			files = (
				9424EBCA1E36CBC300F3167D /* LoginViewController.swift in Sources */,
				947EC2791E67EF3C0098FB88 /* SPTExtensions.swift in Sources */,
				94609AD51E5BD9160017C490 /* CreateBamBoxViewController.swift in Sources */,
				947EC2771E67D7A70098FB88 /* Assets.swift in Sources */,
				9482729F1E05B2AE00CCF515 /* NavRouter.swift in Sources */,
				9424EBDA1E36FFA800F3167D /* UIViewExtensions.swift in Sources */,
				948272A41E05B6A300CCF515 /* SpotifyService.swift in Sources */,
				94609ACE1E5BD4F00017C490 /* Typealias.swift in Sources */,
				94609ADF1E5BE3A50017C490 /* MusicSelectionViewController.swift in Sources */,
				94609AD91E5BD9270017C490 /* ScanBamBoxViewController.swift in Sources */,
				946AB4CE1E4F947100FA7FB2 /* Color.swift in Sources */,
				9482722E1E05AB4E00CCF515 /* AppDelegate.swift in Sources */,
				9424EBD21E36D46B00F3167D /* NearbyService.swift in Sources */,
				941968691E5A144400BF44D1 /* MainViewController.swift in Sources */,
				94F80EB51E49798C000565BB /* BamBoxOperation.swift in Sources */,
				949604E11E39ACDD002E9D55 /* StringExtensions.swift in Sources */,
				9424EBD41E36E32300F3167D /* BamBoxViewController.swift in Sources */,
				94609AE31E5BE3B20017C490 /* PlaylsitViewController.swift in Sources */,
				9424EBD71E36E38300F3167D /* ColorExtensions.swift in Sources */,
				94609AE61E5BE7200017C490 /* SpotifyConnectButton.swift in Sources */,
			);
			runOnlyForDeploymentPostprocessing = 0;
		};
		9482723A1E05AB4E00CCF515 /* Sources */ = {
			isa = PBXSourcesBuildPhase;
			buildActionMask = 2147483647;
			files = (
				948272431E05AB4E00CCF515 /* BamBoxTests.swift in Sources */,
			);
			runOnlyForDeploymentPostprocessing = 0;
		};
		948272451E05AB4E00CCF515 /* Sources */ = {
			isa = PBXSourcesBuildPhase;
			buildActionMask = 2147483647;
			files = (
				9482724E1E05AB4E00CCF515 /* BamBoxUITests.swift in Sources */,
			);
			runOnlyForDeploymentPostprocessing = 0;
		};
/* End PBXSourcesBuildPhase section */

/* Begin PBXTargetDependency section */
		948272401E05AB4E00CCF515 /* PBXTargetDependency */ = {
			isa = PBXTargetDependency;
			target = 948272291E05AB4E00CCF515 /* BamBox */;
			targetProxy = 9482723F1E05AB4E00CCF515 /* PBXContainerItemProxy */;
		};
		9482724B1E05AB4E00CCF515 /* PBXTargetDependency */ = {
			isa = PBXTargetDependency;
			target = 948272291E05AB4E00CCF515 /* BamBox */;
			targetProxy = 9482724A1E05AB4E00CCF515 /* PBXContainerItemProxy */;
		};
/* End PBXTargetDependency section */

/* Begin PBXVariantGroup section */
		948272361E05AB4E00CCF515 /* LaunchScreen.storyboard */ = {
			isa = PBXVariantGroup;
			children = (
				948272371E05AB4E00CCF515 /* Base */,
			);
			name = LaunchScreen.storyboard;
			sourceTree = "<group>";
		};
/* End PBXVariantGroup section */

/* Begin XCBuildConfiguration section */
		948272501E05AB4E00CCF515 /* Debug */ = {
			isa = XCBuildConfiguration;
			buildSettings = {
				ALWAYS_SEARCH_USER_PATHS = NO;
				CLANG_ANALYZER_NONNULL = YES;
				CLANG_CXX_LANGUAGE_STANDARD = "gnu++0x";
				CLANG_CXX_LIBRARY = "libc++";
				CLANG_ENABLE_MODULES = YES;
				CLANG_ENABLE_OBJC_ARC = YES;
				CLANG_WARN_BOOL_CONVERSION = YES;
				CLANG_WARN_CONSTANT_CONVERSION = YES;
				CLANG_WARN_DIRECT_OBJC_ISA_USAGE = YES_ERROR;
				CLANG_WARN_DOCUMENTATION_COMMENTS = YES;
				CLANG_WARN_EMPTY_BODY = YES;
				CLANG_WARN_ENUM_CONVERSION = YES;
				CLANG_WARN_INFINITE_RECURSION = YES;
				CLANG_WARN_INT_CONVERSION = YES;
				CLANG_WARN_OBJC_ROOT_CLASS = YES_ERROR;
				CLANG_WARN_SUSPICIOUS_MOVE = YES;
				CLANG_WARN_UNREACHABLE_CODE = YES;
				CLANG_WARN__DUPLICATE_METHOD_MATCH = YES;
				"CODE_SIGN_IDENTITY[sdk=iphoneos*]" = "iPhone Developer";
				COPY_PHASE_STRIP = NO;
				DEBUG_INFORMATION_FORMAT = dwarf;
				ENABLE_STRICT_OBJC_MSGSEND = YES;
				ENABLE_TESTABILITY = YES;
				GCC_C_LANGUAGE_STANDARD = gnu99;
				GCC_DYNAMIC_NO_PIC = NO;
				GCC_NO_COMMON_BLOCKS = YES;
				GCC_OPTIMIZATION_LEVEL = 0;
				GCC_PREPROCESSOR_DEFINITIONS = (
					"DEBUG=1",
					"$(inherited)",
				);
				GCC_WARN_64_TO_32_BIT_CONVERSION = YES;
				GCC_WARN_ABOUT_RETURN_TYPE = YES_ERROR;
				GCC_WARN_UNDECLARED_SELECTOR = YES;
				GCC_WARN_UNINITIALIZED_AUTOS = YES_AGGRESSIVE;
				GCC_WARN_UNUSED_FUNCTION = YES;
				GCC_WARN_UNUSED_VARIABLE = YES;
				IPHONEOS_DEPLOYMENT_TARGET = 10.2;
				MTL_ENABLE_DEBUG_INFO = YES;
				ONLY_ACTIVE_ARCH = YES;
				SDKROOT = iphoneos;
				SWIFT_ACTIVE_COMPILATION_CONDITIONS = DEBUG;
				SWIFT_OPTIMIZATION_LEVEL = "-Onone";
				TARGETED_DEVICE_FAMILY = "1,2";
			};
			name = Debug;
		};
		948272511E05AB4E00CCF515 /* Release */ = {
			isa = XCBuildConfiguration;
			buildSettings = {
				ALWAYS_SEARCH_USER_PATHS = NO;
				CLANG_ANALYZER_NONNULL = YES;
				CLANG_CXX_LANGUAGE_STANDARD = "gnu++0x";
				CLANG_CXX_LIBRARY = "libc++";
				CLANG_ENABLE_MODULES = YES;
				CLANG_ENABLE_OBJC_ARC = YES;
				CLANG_WARN_BOOL_CONVERSION = YES;
				CLANG_WARN_CONSTANT_CONVERSION = YES;
				CLANG_WARN_DIRECT_OBJC_ISA_USAGE = YES_ERROR;
				CLANG_WARN_DOCUMENTATION_COMMENTS = YES;
				CLANG_WARN_EMPTY_BODY = YES;
				CLANG_WARN_ENUM_CONVERSION = YES;
				CLANG_WARN_INFINITE_RECURSION = YES;
				CLANG_WARN_INT_CONVERSION = YES;
				CLANG_WARN_OBJC_ROOT_CLASS = YES_ERROR;
				CLANG_WARN_SUSPICIOUS_MOVE = YES;
				CLANG_WARN_UNREACHABLE_CODE = YES;
				CLANG_WARN__DUPLICATE_METHOD_MATCH = YES;
				"CODE_SIGN_IDENTITY[sdk=iphoneos*]" = "iPhone Developer";
				COPY_PHASE_STRIP = NO;
				DEBUG_INFORMATION_FORMAT = "dwarf-with-dsym";
				ENABLE_NS_ASSERTIONS = NO;
				ENABLE_STRICT_OBJC_MSGSEND = YES;
				GCC_C_LANGUAGE_STANDARD = gnu99;
				GCC_NO_COMMON_BLOCKS = YES;
				GCC_WARN_64_TO_32_BIT_CONVERSION = YES;
				GCC_WARN_ABOUT_RETURN_TYPE = YES_ERROR;
				GCC_WARN_UNDECLARED_SELECTOR = YES;
				GCC_WARN_UNINITIALIZED_AUTOS = YES_AGGRESSIVE;
				GCC_WARN_UNUSED_FUNCTION = YES;
				GCC_WARN_UNUSED_VARIABLE = YES;
				IPHONEOS_DEPLOYMENT_TARGET = 10.2;
				MTL_ENABLE_DEBUG_INFO = NO;
				SDKROOT = iphoneos;
				SWIFT_OPTIMIZATION_LEVEL = "-Owholemodule";
				TARGETED_DEVICE_FAMILY = "1,2";
				VALIDATE_PRODUCT = YES;
			};
			name = Release;
		};
		948272531E05AB4E00CCF515 /* Debug */ = {
			isa = XCBuildConfiguration;
			baseConfigurationReference = 9A354FA2EEE70B34B0EC8E30 /* Pods-BamBox.debug.xcconfig */;
			buildSettings = {
				ASSETCATALOG_COMPILER_APPICON_NAME = AppIcon;
				DEVELOPMENT_TEAM = LZX69D2T2M;
				FRAMEWORK_SEARCH_PATHS = (
					"$(inherited)",
					"$(PROJECT_DIR)",
				);
				INFOPLIST_FILE = BamBox/Info.plist;
				LD_RUNPATH_SEARCH_PATHS = "$(inherited) @executable_path/Frameworks";
				PRODUCT_BUNDLE_IDENTIFIER = "com.BamBox.BamBox-iOS";
				PRODUCT_NAME = "$(TARGET_NAME)";
				SWIFT_OBJC_BRIDGING_HEADER = "$(SRCROOT)/BamBox/BamBox-Bridging-Header.h";
				SWIFT_VERSION = 3.0;
			};
			name = Debug;
		};
		948272541E05AB4E00CCF515 /* Release */ = {
			isa = XCBuildConfiguration;
			baseConfigurationReference = 1D6710F6B3BC2AEC59FBF27D /* Pods-BamBox.release.xcconfig */;
			buildSettings = {
				ASSETCATALOG_COMPILER_APPICON_NAME = AppIcon;
				DEVELOPMENT_TEAM = LZX69D2T2M;
				FRAMEWORK_SEARCH_PATHS = (
					"$(inherited)",
					"$(PROJECT_DIR)",
				);
				INFOPLIST_FILE = BamBox/Info.plist;
				LD_RUNPATH_SEARCH_PATHS = "$(inherited) @executable_path/Frameworks";
				PRODUCT_BUNDLE_IDENTIFIER = "com.BamBox.BamBox-iOS";
				PRODUCT_NAME = "$(TARGET_NAME)";
				SWIFT_OBJC_BRIDGING_HEADER = "$(SRCROOT)/BamBox/BamBox-Bridging-Header.h";
				SWIFT_VERSION = 3.0;
			};
			name = Release;
		};
		948272561E05AB4E00CCF515 /* Debug */ = {
			isa = XCBuildConfiguration;
			baseConfigurationReference = E83574B8DF9EB0B41DEA90BB /* Pods-BamBoxTests.debug.xcconfig */;
			buildSettings = {
				ALWAYS_EMBED_SWIFT_STANDARD_LIBRARIES = YES;
				BUNDLE_LOADER = "$(TEST_HOST)";
				DEVELOPMENT_TEAM = LZX69D2T2M;
				INFOPLIST_FILE = BamBoxTests/Info.plist;
				LD_RUNPATH_SEARCH_PATHS = "$(inherited) @executable_path/Frameworks @loader_path/Frameworks";
				PRODUCT_BUNDLE_IDENTIFIER = PhilCole.BamBoxTests;
				PRODUCT_NAME = "$(TARGET_NAME)";
				SWIFT_VERSION = 3.0;
				TEST_HOST = "$(BUILT_PRODUCTS_DIR)/BamBox.app/BamBox";
			};
			name = Debug;
		};
		948272571E05AB4E00CCF515 /* Release */ = {
			isa = XCBuildConfiguration;
			baseConfigurationReference = 99822C655BC6139F68387DF8 /* Pods-BamBoxTests.release.xcconfig */;
			buildSettings = {
				ALWAYS_EMBED_SWIFT_STANDARD_LIBRARIES = YES;
				BUNDLE_LOADER = "$(TEST_HOST)";
				DEVELOPMENT_TEAM = LZX69D2T2M;
				INFOPLIST_FILE = BamBoxTests/Info.plist;
				LD_RUNPATH_SEARCH_PATHS = "$(inherited) @executable_path/Frameworks @loader_path/Frameworks";
				PRODUCT_BUNDLE_IDENTIFIER = PhilCole.BamBoxTests;
				PRODUCT_NAME = "$(TARGET_NAME)";
				SWIFT_VERSION = 3.0;
				TEST_HOST = "$(BUILT_PRODUCTS_DIR)/BamBox.app/BamBox";
			};
			name = Release;
		};
		948272591E05AB4E00CCF515 /* Debug */ = {
			isa = XCBuildConfiguration;
			baseConfigurationReference = 794689971B5B786F6B8D05F9 /* Pods-BamBoxUITests.debug.xcconfig */;
			buildSettings = {
				ALWAYS_EMBED_SWIFT_STANDARD_LIBRARIES = YES;
				DEVELOPMENT_TEAM = LZX69D2T2M;
				INFOPLIST_FILE = BamBoxUITests/Info.plist;
				LD_RUNPATH_SEARCH_PATHS = "$(inherited) @executable_path/Frameworks @loader_path/Frameworks";
				PRODUCT_BUNDLE_IDENTIFIER = PhilCole.BamBoxUITests;
				PRODUCT_NAME = "$(TARGET_NAME)";
				SWIFT_VERSION = 3.0;
				TEST_TARGET_NAME = BamBox;
			};
			name = Debug;
		};
		9482725A1E05AB4E00CCF515 /* Release */ = {
			isa = XCBuildConfiguration;
			baseConfigurationReference = 7E0A6B5EB2CEC9A6EF6E5FCF /* Pods-BamBoxUITests.release.xcconfig */;
			buildSettings = {
				ALWAYS_EMBED_SWIFT_STANDARD_LIBRARIES = YES;
				DEVELOPMENT_TEAM = LZX69D2T2M;
				INFOPLIST_FILE = BamBoxUITests/Info.plist;
				LD_RUNPATH_SEARCH_PATHS = "$(inherited) @executable_path/Frameworks @loader_path/Frameworks";
				PRODUCT_BUNDLE_IDENTIFIER = PhilCole.BamBoxUITests;
				PRODUCT_NAME = "$(TARGET_NAME)";
				SWIFT_VERSION = 3.0;
				TEST_TARGET_NAME = BamBox;
			};
			name = Release;
		};
/* End XCBuildConfiguration section */

/* Begin XCConfigurationList section */
		948272251E05AB4E00CCF515 /* Build configuration list for PBXProject "BamBox" */ = {
			isa = XCConfigurationList;
			buildConfigurations = (
				948272501E05AB4E00CCF515 /* Debug */,
				948272511E05AB4E00CCF515 /* Release */,
			);
			defaultConfigurationIsVisible = 0;
			defaultConfigurationName = Release;
		};
		948272521E05AB4E00CCF515 /* Build configuration list for PBXNativeTarget "BamBox" */ = {
			isa = XCConfigurationList;
			buildConfigurations = (
				948272531E05AB4E00CCF515 /* Debug */,
				948272541E05AB4E00CCF515 /* Release */,
			);
			defaultConfigurationIsVisible = 0;
			defaultConfigurationName = Release;
		};
		948272551E05AB4E00CCF515 /* Build configuration list for PBXNativeTarget "BamBoxTests" */ = {
			isa = XCConfigurationList;
			buildConfigurations = (
				948272561E05AB4E00CCF515 /* Debug */,
				948272571E05AB4E00CCF515 /* Release */,
			);
			defaultConfigurationIsVisible = 0;
			defaultConfigurationName = Release;
		};
		948272581E05AB4E00CCF515 /* Build configuration list for PBXNativeTarget "BamBoxUITests" */ = {
			isa = XCConfigurationList;
			buildConfigurations = (
				948272591E05AB4E00CCF515 /* Debug */,
				9482725A1E05AB4E00CCF515 /* Release */,
			);
			defaultConfigurationIsVisible = 0;
			defaultConfigurationName = Release;
		};
/* End XCConfigurationList section */
	};
	rootObject = 948272221E05AB4E00CCF515 /* Project object */;
}
